# Generated by pub
# See https://dart.dev/tools/pub/glossary#lockfile
packages:
  apple_maps_flutter:
    dependency: transitive
    description:
      name: apple_maps_flutter
      sha256: "5874d4ce4932191d6d0ae78cae478e167e05e37efc2266cd7f91d9a95fabf1b3"
      url: "https://pub.dev"
    source: hosted
    version: "1.4.0"
  archive:
    dependency: transitive
    description:
      name: archive
      sha256: "2fde1607386ab523f7a36bb3e7edb43bd58e6edaf2ffb29d8a6d578b297fdbbd"
      url: "https://pub.dev"
    source: hosted
    version: "4.0.7"
  args:
    dependency: transitive
    description:
      name: args
      sha256: d0481093c50b1da8910eb0bb301626d4d8eb7284aa739614d2b394ee09e3ea04
      url: "https://pub.dev"
    source: hosted
    version: "2.7.0"
  async:
    dependency: transitive
    description:
      name: async
      sha256: "758e6d74e971c3e5aceb4110bfd6698efc7f501675bcfe0c775459a8140750eb"
      url: "https://pub.dev"
    source: hosted
    version: "2.13.0"
  bloc:
    dependency: transitive
    description:
      name: bloc
      sha256: a48653a82055a900b88cd35f92429f068c5a8057ae9b136d197b3d56c57efb81
      url: "https://pub.dev"
    source: hosted
    version: "9.2.0"
  characters:
    dependency: transitive
    description:
      name: characters
      sha256: faf38497bda5ead2a8c7615f4f7939df04333478bf32e4173fcb06d428b5716b
      url: "https://pub.dev"
    source: hosted
    version: "1.4.1"
  clock:
    dependency: transitive
    description:
      name: clock
      sha256: fddb70d9b5277016c77a80201021d40a2247104d9f4aa7bab7157b7e3f05b84b
      url: "https://pub.dev"
    source: hosted
    version: "1.1.2"
  collection:
    dependency: transitive
    description:
      name: collection
      sha256: "2f5709ae4d3d59dd8f7cd309b4e023046b57d8a6c82130785d2b0e5868084e76"
      url: "https://pub.dev"
    source: hosted
    version: "1.19.1"
  cross_file:
    dependency: transitive
    description:
      name: cross_file
      sha256: "28bb3ae56f117b5aec029d702a90f57d285cd975c3c5c281eaca38dbc47c5937"
      url: "https://pub.dev"
    source: hosted
    version: "0.3.5+2"
  crypto:
    dependency: transitive
    description:
      name: crypto
      sha256: c8ea0233063ba03258fbcf2ca4d6dadfefe14f02fab57702265467a19f27fadf
      url: "https://pub.dev"
    source: hosted
    version: "3.0.7"
  csslib:
    dependency: transitive
    description:
      name: csslib
      sha256: "09bad715f418841f976c77db72d5398dc1253c21fb9c0c7f0b0b985860b2d58e"
      url: "https://pub.dev"
    source: hosted
    version: "1.0.2"
  dbus:
    dependency: transitive
    description:
      name: dbus
      sha256: "79e0c23480ff85dc68de79e2cd6334add97e48f7f4865d17686dd6ea81a47e8c"
      url: "https://pub.dev"
    source: hosted
    version: "0.7.11"
  easy_localization:
    dependency: transitive
    description:
      name: easy_localization
      sha256: "2ccdf9db8fe4d9c5a75c122e6275674508fd0f0d49c827354967b8afcc56bbed"
      url: "https://pub.dev"
    source: hosted
    version: "3.0.8"
  easy_logger:
    dependency: transitive
    description:
      name: easy_logger
      sha256: c764a6e024846f33405a2342caf91c62e357c24b02c04dbc712ef232bf30ffb7
      url: "https://pub.dev"
    source: hosted
    version: "0.0.2"
  equatable:
    dependency: transitive
    description:
      name: equatable
      sha256: "3e0141505477fd8ad55d6eb4e7776d3fe8430be8e497ccb1521370c3f21a3e2b"
      url: "https://pub.dev"
    source: hosted
    version: "2.0.8"
  ffi:
    dependency: transitive
    description:
      name: ffi
      sha256: "6d7fd89431262d8f3125e81b50d3847a091d846eafcd4fdb88dd06f36d705a45"
      url: "https://pub.dev"
    source: hosted
    version: "2.2.0"
  ffi_leak_tracker:
    dependency: transitive
    description:
      name: ffi_leak_tracker
      sha256: "4093d4ef9ca06ffe2786e73bfb25e22aa92112b9bb4ec941f11e3e6b61489a97"
      url: "https://pub.dev"
    source: hosted
    version: "0.1.2"
  file:
    dependency: transitive
    description:
      name: file
      sha256: a3b4f84adafef897088c160faf7dfffb7696046cb13ae90b508c2cbc95d3b8d4
      url: "https://pub.dev"
    source: hosted
    version: "7.0.1"
  fixnum:
    dependency: transitive
    description:
      name: fixnum
      sha256: b6dc7065e46c974bc7c5f143080a6764ec7a4be6da1285ececdc37be96de53be
      url: "https://pub.dev"
    source: hosted
    version: "1.1.1"
  fl_chart:
    dependency: transitive
    description:
      name: fl_chart
      sha256: b938f77d042cbcd822936a7a359a7235bad8bd72070de1f827efc2cc297ac888
      url: "https://pub.dev"
    source: hosted
    version: "1.2.0"
  flutter:
    dependency: "direct main"
    description: flutter
    source: sdk
    version: "0.0.0"
  flutter_bloc:
    dependency: transitive
    description:
      name: flutter_bloc
      sha256: cf51747952201a455a1c840f8171d273be009b932c75093020f9af64f2123e38
      url: "https://pub.dev"
    source: hosted
    version: "9.1.1"
  flutter_lints:
    dependency: "direct dev"
    description:
      name: flutter_lints
      sha256: "3105dc8492f6183fb076ccf1f351ac3d60564bff92e20bfc4af9cc1651f4e7e1"
      url: "https://pub.dev"
    source: hosted
    version: "6.0.0"
  flutter_localizations:
    dependency: transitive
    description: flutter
    source: sdk
    version: "0.0.0"
  flutter_plugin_android_lifecycle:
    dependency: transitive
    description:
      name: flutter_plugin_android_lifecycle
      sha256: ee8068e0e1cd16c4a82714119918efdeed33b3ba7772c54b5d094ab53f9b7fd1
      url: "https://pub.dev"
    source: hosted
    version: "2.0.33"
  flutter_web_plugins:
    dependency: transitive
    description: flutter
    source: sdk
    version: "0.0.0"
  font_awesome_flutter:
    dependency: transitive
    description:
      name: font_awesome_flutter
      sha256: "09dcde8ab90ffae1a7d65ff2ef96fc62a17ad9d0ce7c127b317ded676b0d5935"
      url: "https://pub.dev"
    source: hosted
    version: "11.0.0"
  geoclue:
    dependency: transitive
    description:
      name: geoclue
      sha256: c2a998c77474fc57aa00c6baa2928e58f4b267649057a1c76738656e9dbd2a7f
      url: "https://pub.dev"
    source: hosted
    version: "0.1.1"
  geolocator:
    dependency: transitive
    description:
      name: geolocator
      sha256: e146a6d63776582651e97a79cbe459f8e1211b100101fadcd84db83361fa599f
      url: "https://pub.dev"
    source: hosted
    version: "14.0.3"
  geolocator_android:
    dependency: transitive
    description:
      name: geolocator_android
      sha256: "86ea1654e4f61ff51466848e91c116b422d6010ea269fda0fbe1af7e9e742ce1"
      url: "https://pub.dev"
    source: hosted
    version: "5.0.3"
  geolocator_apple:
    dependency: transitive
    description:
      name: geolocator_apple
      sha256: "853803d6bb1713c094e935b4a5ae5f19c0308acf81da13fa9ff84fb4c70c0b73"
      url: "https://pub.dev"
    source: hosted
    version: "2.3.14"
  geolocator_linux:
    dependency: transitive
    description:
      name: geolocator_linux
      sha256: "3da7420f11c3496511a5bd3c18fd67b88e5659f12e46b7ce00a788f6996e850a"
      url: "https://pub.dev"
    source: hosted
    version: "0.2.6"
  geolocator_platform_interface:
    dependency: transitive
    description:
      name: geolocator_platform_interface
      sha256: "30cb64f0b9adcc0fb36f628b4ebf4f731a2961a0ebd849f4b56200205056fe67"
      url: "https://pub.dev"
    source: hosted
    version: "4.2.6"
  geolocator_web:
    dependency: transitive
    description:
      name: geolocator_web
      sha256: "19e485a0f8d6a88abcf9c53cba3a4105e14b7435ed8ac1c108c067b938fe8429"
      url: "https://pub.dev"
    source: hosted
    version: "4.1.4"
  geolocator_windows:
    dependency: transitive
    description:
      name: geolocator_windows
      sha256: "175435404d20278ffd220de83c2ca293b73db95eafbdc8131fe8609be1421eb6"
      url: "https://pub.dev"
    source: hosted
    version: "0.2.5"
  google_maps:
    dependency: transitive
    description:
      name: google_maps
      sha256: "5d410c32112d7c6eb7858d359275b2aa04778eed3e36c745aeae905fb2fa6468"
      url: "https://pub.dev"
    source: hosted
    version: "8.2.0"
  google_maps_flutter:
    dependency: transitive
    description:
      name: google_maps_flutter
      sha256: f4040715c2998144a46cfc0fd91ee83226655af069dfed3d2b84552dc5e4facb
      url: "https://pub.dev"
    source: hosted
    version: "2.17.1"
  google_maps_flutter_android:
    dependency: transitive
    description:
      name: google_maps_flutter_android
      sha256: a404c67d460f64b8bdc48aa5e39c81aa13505552d8783ae68f9aeef074913286
      url: "https://pub.dev"
    source: hosted
    version: "2.19.12"
  google_maps_flutter_ios:
    dependency: transitive
    description:
      name: google_maps_flutter_ios
      sha256: f573749a75c4074b7a74ab986703607e9cd859fb2807c332872620f3656400dc
      url: "https://pub.dev"
    source: hosted
    version: "2.18.3"
  google_maps_flutter_platform_interface:
    dependency: transitive
    description:
      name: google_maps_flutter_platform_interface
      sha256: ddbe34435dfb34e83fca295c6a8dcc53c3b51487e9eec3c737ce4ae605574347
      url: "https://pub.dev"
    source: hosted
    version: "2.15.0"
  google_maps_flutter_web:
    dependency: transitive
    description:
      name: google_maps_flutter_web
      sha256: e23f2869449bb3e2ed7cfdb178d716e1da7edc684363987e4cb2c42f2bd7a9e0
      url: "https://pub.dev"
    source: hosted
    version: "0.6.2+3"
  gsettings:
    dependency: transitive
    description:
      name: gsettings
      sha256: "1b0ce661f5436d2db1e51f3c4295a49849f03d304003a7ba177d01e3a858249c"
      url: "https://pub.dev"
    source: hosted
    version: "0.2.8"
  html:
    dependency: transitive
    description:
      name: html
      sha256: "6d1264f2dffa1b1101c25a91dff0dc2daee4c18e87cd8538729773c073dbf602"
      url: "https://pub.dev"
    source: hosted
    version: "0.15.6"
  http:
    dependency: transitive
    description:
      name: http
      sha256: "87721a4a50b19c7f1d49001e51409bddc46303966ce89a65af4f4e6004896412"
      url: "https://pub.dev"
    source: hosted
    version: "1.6.0"
  http_parser:
    dependency: transitive
    description:
      name: http_parser
      sha256: "178d74305e7866013777bab2c3d8726205dc5a4dd935297175b19a23a2e66571"
      url: "https://pub.dev"
    source: hosted
    version: "4.1.2"
  image:
    dependency: transitive
    description:
      name: image
      sha256: f9881ff4998044947ec38d098bc7c8316ae1186fa786eddffdb867b9bc94dfce
      url: "https://pub.dev"
    source: hosted
    version: "4.8.0"
  in_app_purchase:
    dependency: transitive
    description:
      name: in_app_purchase
      sha256: "0e9510b80b0074e89ab0a8e0fc901439b779dc9ae575ab8d419253c6e1627716"
      url: "https://pub.dev"
    source: hosted
    version: "3.3.0"
  in_app_purchase_android:
    dependency: transitive
    description:
      name: in_app_purchase_android
      sha256: eb8f551039481d1b265f12fa54f5ab5dd4f13ec5444a468b85a3793517a37fda
      url: "https://pub.dev"
    source: hosted
    version: "0.5.1"
  in_app_purchase_platform_interface:
    dependency: transitive
    description:
      name: in_app_purchase_platform_interface
      sha256: "1d353d38251da5b9fea6635c0ebfc6bb17a2d28d0e86ea5e083bf64244f1fb4c"
      url: "https://pub.dev"
    source: hosted
    version: "1.4.0"
  in_app_purchase_storekit:
    dependency: transitive
    description:
      name: in_app_purchase_storekit
      sha256: f7cbbd7fb47ab5a4fb736fc3f20ae81a4f6def0af9297b3c525ca727761e2589
      url: "https://pub.dev"
    source: hosted
    version: "0.4.7"
  in_app_review:
    dependency: transitive
    description:
      name: in_app_review
      sha256: "364db0c160b37fe7fad9cdaa18f968473924b17368869010af902760421b6bf8"
      url: "https://pub.dev"
    source: hosted
    version: "2.0.12"
  in_app_review_platform_interface:
    dependency: transitive
    description:
      name: in_app_review_platform_interface
      sha256: fed2c755f2125caa9ae10495a3c163aa7fab5af3585a9c62ef4a6920c5b45f10
      url: "https://pub.dev"
    source: hosted
    version: "2.0.5"
  intl:
    dependency: transitive
    description:
      name: intl
      sha256: "3df61194eb431efc39c4ceba583b95633a403f46c9fd341e550ce0bfa50e9aa5"
      url: "https://pub.dev"
    source: hosted
    version: "0.20.2"
  json_annotation:
    dependency: transitive
    description:
      name: json_annotation
      sha256: "1ce844379ca14835a50d2f019a3099f419082cfdd231cd86a142af94dd5c6bb1"
      url: "https://pub.dev"
    source: hosted
    version: "4.9.0"
  lints:
    dependency: transitive
    description:
      name: lints
      sha256: a5e2b223cb7c9c8efdc663ef484fdd95bb243bff242ef5b13e26883547fce9a0
      url: "https://pub.dev"
    source: hosted
    version: "6.0.0"
  location:
    dependency: transitive
    description:
      path: "../location/location"
      relative: true
    source: path
    version: "0.0.0"
  location_core:
    dependency: transitive
    description:
      path: "../location/core"
      relative: true
    source: path
    version: "0.0.0"
  location_impl:
    dependency: transitive
    description:
      path: "../location/impl_closed"
      relative: true
    source: path
    version: "0.0.0"
  logger:
    dependency: "direct main"
    description:
      name: logger
      sha256: "25aee487596a6257655a1e091ec2ae66bc30e7af663592cc3a27e6591e05035c"
      url: "https://pub.dev"
    source: hosted
    version: "2.7.0"
  map:
    dependency: transitive
    description:
      path: "../map/map"
      relative: true
    source: path
    version: "0.0.0"
  map_apple:
    dependency: transitive
    description:
      path: "../map/apple_closed"
      relative: true
    source: path
    version: "0.0.0"
  map_core:
    dependency: transitive
    description:
      path: "../map/core"
      relative: true
    source: path
    version: "0.0.0"
  map_google:
    dependency: transitive
    description:
      path: "../map/google_closed"
      relative: true
    source: path
    version: "0.0.0"
  map_launcher:
    dependency: transitive
    description:
      name: map_launcher
      sha256: "29b78c94829836b3f4ac96fa95248e699d75294f08390a21ca06a0902a27a34b"
      url: "https://pub.dev"
    source: hosted
    version: "4.5.0"
  map_maplibre:
    dependency: transitive
    description:
      path: "../map/maplibre"
      relative: true
    source: path
    version: "0.0.0"
  maplibre_gl:
    dependency: transitive
    description:
      name: maplibre_gl
      sha256: "3c383a7e81f0ec5882c377b7d1686047d8bce35b6a3a9798dad8e57a03423e05"
      url: "https://pub.dev"
    source: hosted
    version: "0.26.1"
  maplibre_gl_platform_interface:
    dependency: transitive
    description:
      name: maplibre_gl_platform_interface
      sha256: "4989f157fdb98ad346b31067cd30aefa7e67d0b235599e37b75608c9284cb459"
      url: "https://pub.dev"
    source: hosted
    version: "0.26.1"
  maplibre_gl_web:
    dependency: transitive
    description:
      name: maplibre_gl_web
      sha256: "55a03e586d2007b646f163902388c3c17df536ea44e4b1c381754863201862e6"
      url: "https://pub.dev"
    source: hosted
    version: "0.26.1"
  material_color_utilities:
    dependency: transitive
    description:
      name: material_color_utilities
      sha256: "9c337007e82b1889149c82ed242ed1cb24a66044e30979c44912381e9be4c48b"
      url: "https://pub.dev"
    source: hosted
    version: "0.13.0"
  meta:
    dependency: transitive
    description:
      name: meta
      sha256: "1741988757a65eb6b36abe716829688cf01910bbf91c34354ff7ec1c3de2b349"
      url: "https://pub.dev"
    source: hosted
    version: "1.18.0"
  mime:
    dependency: transitive
    description:
      name: mime
      sha256: "41a20518f0cb1256669420fdba0cd90d21561e560ac240f26ef8322e45bb7ed6"
      url: "https://pub.dev"
    source: hosted
    version: "2.0.0"
  multiple_result:
    dependency: "direct main"
    description:
      name: multiple_result
      sha256: "22f35f4e7cd82a2e37c1975e256b3b9afb4c6cfc339075345530016b958aa5a2"
      url: "https://pub.dev"
    source: hosted
    version: "5.3.0"
  navigation:
    dependency: transitive
    description:
      path: "../navigation/navigation"
      relative: true
    source: path
    version: "0.0.0"
  navigation_core:
    dependency: transitive
    description:
      path: "../navigation/core"
      relative: true
    source: path
    version: "0.0.0"
  navigation_impl:
    dependency: transitive
    description:
      path: "../navigation/impl_foss"
      relative: true
    source: path
    version: "0.0.0"
  nested:
    dependency: transitive
    description:
      name: nested
      sha256: "03bac4c528c64c95c722ec99280375a6f2fc708eec17c7b3f07253b626cd2a20"
      url: "https://pub.dev"
    source: hosted
    version: "1.0.0"
  package_info_plus:
    dependency: "direct main"
    description:
      name: package_info_plus
      sha256: "4bf625947f6c7713ee242296a682e23e44823c09cf9d79e4f1238923c92db852"
      url: "https://pub.dev"
    source: hosted
    version: "10.1.0"
  package_info_plus_platform_interface:
    dependency: transitive
    description:
      name: package_info_plus_platform_interface
      sha256: db762cb2f4f25ee60fb6359773861b0f199e00b90d237bd85a76a1e806b46ef4
      url: "https://pub.dev"
    source: hosted
    version: "4.1.0"
  path:
    dependency: transitive
    description:
      name: path
      sha256: "75cca69d1490965be98c73ceaea117e8a04dd21217b37b292c9ddbec0d955bc5"
      url: "https://pub.dev"
    source: hosted
    version: "1.9.1"
  path_provider:
    dependency: "direct main"
    description:
      name: path_provider
      sha256: a7f4874f987173da295a61c181b8ee71dab59b332a486b391babf26a1b884825
      url: "https://pub.dev"
    source: hosted
    version: "2.1.6"
  path_provider_android:
    dependency: transitive
    description:
      name: path_provider_android
      sha256: f2c65e21139ce2c3dad46922be8272bb5963516045659e71bb16e151c93b580e
      url: "https://pub.dev"
    source: hosted
    version: "2.2.22"
  path_provider_foundation:
    dependency: transitive
    description:
      name: path_provider_foundation
      sha256: "6d13aece7b3f5c5a9731eaf553ff9dcbc2eff41087fd2df587fd0fed9a3eb0c4"
      url: "https://pub.dev"
    source: hosted
    version: "2.5.1"
  path_provider_linux:
    dependency: transitive
    description:
      name: path_provider_linux
      sha256: f7a1fe3a634fe7734c8d3f2766ad746ae2a2884abe22e241a8b301bf5cac3279
      url: "https://pub.dev"
    source: hosted
    version: "2.2.1"
  path_provider_platform_interface:
    dependency: transitive
    description:
      name: path_provider_platform_interface
      sha256: "88f5779f72ba699763fa3a3b06aa4bf6de76c8e5de842cf6f29e2e06476c2334"
      url: "https://pub.dev"
    source: hosted
    version: "2.1.2"
  path_provider_windows:
    dependency: transitive
    description:
      name: path_provider_windows
      sha256: bd6f00dbd873bfb70d0761682da2b3a2c2fccc2b9e84c495821639601d81afe7
      url: "https://pub.dev"
    source: hosted
    version: "2.3.0"
  petitparser:
    dependency: transitive
    description:
      name: petitparser
      sha256: "1a97266a94f7350d30ae522c0af07890c70b8e62c71e8e3920d1db4d23c057d1"
      url: "https://pub.dev"
    source: hosted
    version: "7.0.1"
  platform:
    dependency: transitive
    description:
      name: platform
      sha256: "5d6b1b0036a5f331ebc77c850ebc8506cbc1e9416c27e59b439f917a902a4984"
      url: "https://pub.dev"
    source: hosted
    version: "3.1.6"
  plugin_platform_interface:
    dependency: transitive
    description:
      name: plugin_platform_interface
      sha256: "4820fbfdb9478b1ebae27888254d445073732dae3d6ea81f0b7e06d5dedc3f02"
      url: "https://pub.dev"
    source: hosted
    version: "2.1.8"
  posix:
    dependency: transitive
    description:
      name: posix
      sha256: "6323a5b0fa688b6a010df4905a56b00181479e6d10534cecfecede2aa55add61"
      url: "https://pub.dev"
    source: hosted
    version: "6.0.3"
  provider:
    dependency: transitive
    description:
      name: provider
      sha256: "4e82183fa20e5ca25703ead7e05de9e4cceed1fbd1eadc1ac3cb6f565a09f272"
      url: "https://pub.dev"
    source: hosted
    version: "6.1.5+1"
  report:
    dependency: transitive
    description:
      path: "../report"
      relative: true
    source: path
    version: "0.0.0"
  review:
    dependency: transitive
    description:
      path: "../review/review"
      relative: true
    source: path
    version: "0.0.0"
  review_core:
    dependency: transitive
    description:
      path: "../review/core"
      relative: true
    source: path
    version: "0.0.0"
  review_impl:
    dependency: transitive
    description:
      path: "../review/impl_closed"
      relative: true
    source: path
    version: "0.0.0"
  rxdart:
    dependency: "direct main"
    description:
      name: rxdart
      sha256: "5c3004a4a8dbb94bd4bf5412a4def4acdaa12e12f269737a5751369e12d1a962"
      url: "https://pub.dev"
    source: hosted
    version: "0.28.0"
  sanitize_html:
    dependency: transitive
    description:
      name: sanitize_html
      sha256: "12669c4a913688a26555323fb9cec373d8f9fbe091f2d01c40c723b33caa8989"
      url: "https://pub.dev"
    source: hosted
    version: "2.1.0"
  settings:
    dependency: "direct main"
    description:
      path: "../settings"
      relative: true
    source: path
    version: "0.0.0"
  share_plus:
    dependency: transitive
    description:
      name: share_plus
      sha256: a857d8b1479250aff6b57a51b2c02d31ca05848d441817c43f1640c885c286c0
      url: "https://pub.dev"
    source: hosted
    version: "13.1.0"
  share_plus_platform_interface:
    dependency: transitive
    description:
      name: share_plus_platform_interface
      sha256: "7f7ae28cf400d13f811e297ff37742dba83b79e0a6f5dce14eec0248274e6ce9"
      url: "https://pub.dev"
    source: hosted
    version: "7.1.0"
  shared_preferences:
    dependency: "direct main"
    description:
      name: shared_preferences
      sha256: c3025c5534b01739267eb7d76959bbc25a6d10f6988e1c2a3036940133dd10bf
      url: "https://pub.dev"
    source: hosted
    version: "2.5.5"
  shared_preferences_android:
    dependency: transitive
    description:
      name: shared_preferences_android
      sha256: "83af5c682796c0f7719c2bbf74792d113e40ae97981b8f266fa84574573556bc"
      url: "https://pub.dev"
    source: hosted
    version: "2.4.18"
  shared_preferences_foundation:
    dependency: transitive
    description:
      name: shared_preferences_foundation
      sha256: "4e7eaffc2b17ba398759f1151415869a34771ba11ebbccd1b0145472a619a64f"
      url: "https://pub.dev"
    source: hosted
    version: "2.5.6"
  shared_preferences_linux:
    dependency: transitive
    description:
      name: shared_preferences_linux
      sha256: "580abfd40f415611503cae30adf626e6656dfb2f0cee8f465ece7b6defb40f2f"
      url: "https://pub.dev"
    source: hosted
    version: "2.4.1"
  shared_preferences_platform_interface:
    dependency: transitive
    description:
      name: shared_preferences_platform_interface
      sha256: "57cbf196c486bc2cf1f02b85784932c6094376284b3ad5779d1b1c6c6a816b80"
      url: "https://pub.dev"
    source: hosted
    version: "2.4.1"
  shared_preferences_web:
    dependency: transitive
    description:
      name: shared_preferences_web
      sha256: c49bd060261c9a3f0ff445892695d6212ff603ef3115edbb448509d407600019
      url: "https://pub.dev"
    source: hosted
    version: "2.4.3"
  shared_preferences_windows:
    dependency: transitive
    description:
      name: shared_preferences_windows
      sha256: "94ef0f72b2d71bc3e700e025db3710911bd51a71cefb65cc609dd0d9a982e3c1"
      url: "https://pub.dev"
    source: hosted
    version: "2.4.1"
  sky_engine:
    dependency: transitive
    description: flutter
    source: sdk
    version: "0.0.0"
  source_span:
    dependency: transitive
    description:
      name: source_span
      sha256: "254ee5351d6cb365c859e20ee823c3bb479bf4a293c22d17a9f1bf144ce86f7c"
      url: "https://pub.dev"
    source: hosted
    version: "1.10.1"
  sponsor_core:
    dependency: transitive
    description:
      path: "../sponsor/core"
      relative: true
    source: path
    version: "0.0.0"
  sponsor_data:
    dependency: transitive
    description:
      path: "../sponsor/data_closed"
      relative: true
    source: path
    version: "0.0.0"
  sponsor_ui:
    dependency: transitive
    description:
      path: "../sponsor/ui"
      relative: true
    source: path
    version: "0.0.0"
  station:
    dependency: transitive
    description:
      path: "../station"
      relative: true
    source: path
    version: "0.0.0"
  stream_transform:
    dependency: transitive
    description:
      name: stream_transform
      sha256: ad47125e588cfd37a9a7f86c7d6356dde8dfe89d071d293f80ca9e9273a33871
      url: "https://pub.dev"
    source: hosted
    version: "2.1.1"
  string_scanner:
    dependency: transitive
    description:
      name: string_scanner
      sha256: "921cd31725b72fe181906c6a94d987c78e3b98c2e205b397ea399d4054872b43"
      url: "https://pub.dev"
    source: hosted
    version: "1.4.1"
  term_glyph:
    dependency: transitive
    description:
      name: term_glyph
      sha256: "7f554798625ea768a7518313e58f83891c7f5024f88e46e7182a4558850a4b8e"
      url: "https://pub.dev"
    source: hosted
    version: "1.2.2"
  tuple:
    dependency: "direct main"
    description:
      name: tuple
      sha256: a97ce2013f240b2f3807bcbaf218765b6f301c3eff91092bcfa23a039e7dd151
      url: "https://pub.dev"
    source: hosted
    version: "2.0.2"
  typed_data:
    dependency: transitive
    description:
      name: typed_data
      sha256: f9049c039ebfeb4cf7a7104a675823cd72dba8297f264b6637062516699fa006
      url: "https://pub.dev"
    source: hosted
    version: "1.4.0"
  url_launcher:
    dependency: transitive
    description:
      name: url_launcher
      sha256: f6a7e5c4835bb4e3026a04793a4199ca2d14c739ec378fdfe23fc8075d0439f8
      url: "https://pub.dev"
    source: hosted
    version: "6.3.2"
  url_launcher_android:
    dependency: transitive
    description:
      name: url_launcher_android
      sha256: "767344bf3063897b5cf0db830e94f904528e6dd50a6dfaf839f0abf509009611"
      url: "https://pub.dev"
    source: hosted
    version: "6.3.28"
  url_launcher_ios:
    dependency: transitive
    description:
      name: url_launcher_ios
      sha256: cfde38aa257dae62ffe79c87fab20165dfdf6988c1d31b58ebf59b9106062aad
      url: "https://pub.dev"
    source: hosted
    version: "6.3.6"
  url_launcher_linux:
    dependency: transitive
    description:
      name: url_launcher_linux
      sha256: d5e14138b3bc193a0f63c10a53c94b91d399df0512b1f29b94a043db7482384a
      url: "https://pub.dev"
    source: hosted
    version: "3.2.2"
  url_launcher_macos:
    dependency: transitive
    description:
      name: url_launcher_macos
      sha256: "368adf46f71ad3c21b8f06614adb38346f193f3a59ba8fe9a2fd74133070ba18"
      url: "https://pub.dev"
    source: hosted
    version: "3.2.5"
  url_launcher_platform_interface:
    dependency: transitive
    description:
      name: url_launcher_platform_interface
      sha256: "552f8a1e663569be95a8190206a38187b531910283c3e982193e4f2733f01029"
      url: "https://pub.dev"
    source: hosted
    version: "2.3.2"
  url_launcher_web:
    dependency: transitive
    description:
      name: url_launcher_web
      sha256: "85c81589622fbc87c1c683aaea164d3604a7777495a79d91e39ffcdec39ddb34"
      url: "https://pub.dev"
    source: hosted
    version: "2.4.3"
  url_launcher_windows:
    dependency: transitive
    description:
      name: url_launcher_windows
      sha256: "712c70ab1b99744ff066053cbe3e80c73332b38d46e5e945c98689b2e66fc15f"
      url: "https://pub.dev"
    source: hosted
    version: "3.1.5"
  uuid:
    dependency: "direct main"
    description:
      name: uuid
      sha256: "1fef9e8e11e2991bb773070d4656b7bd5d850967a2456cfc83cf47925ba79489"
      url: "https://pub.dev"
    source: hosted
    version: "4.5.3"
  vector_math:
    dependency: transitive
    description:
      name: vector_math
      sha256: d530bd74fea330e6e364cda7a85019c434070188383e1cd8d9777ee586914c5b
      url: "https://pub.dev"
    source: hosted
    version: "2.2.0"
  web:
    dependency: transitive
    description:
      name: web
      sha256: "868d88a33d8a87b18ffc05f9f030ba328ffefba92d6c127917a2ba740f9cfe4a"
      url: "https://pub.dev"
    source: hosted
    version: "1.1.1"
  win32:
    dependency: transitive
    description:
      name: win32
      sha256: ba6f4bba816c8d7e3c1580e170f3786d216951cc6b94babc3b814c08d2cb2738
      url: "https://pub.dev"
    source: hosted
    version: "6.3.0"
  xdg_directories:
    dependency: transitive
    description:
      name: xdg_directories
      sha256: "7a3f37b05d989967cdddcbb571f1ea834867ae2faa29725fd085180e0883aa15"
      url: "https://pub.dev"
    source: hosted
    version: "1.1.0"
  xml:
    dependency: transitive
    description:
      name: xml
      sha256: "971043b3a0d3da28727e40ed3e0b5d18b742fa5a68665cca88e74b7876d5e025"
      url: "https://pub.dev"
    source: hosted
    version: "6.6.1"
sdks:
  dart: "3.12.2"
  flutter: "3.44.2"
